
Microsoft Visual Studio Solution File, Format Version 12.00
# Visual Studio 15
VisualStudioVersion = 15.0.26730.16
MinimumVisualStudioVersion = 10.0.40219.1
Project("{FAE04EC0-301F-11D3-BF4B-00C04F79EFBC}") = "Payment", "Payment\Payment.csproj", "{7B61AA23-908A-4337-AB91-55947703F11C}"
EndProject
Global
	GlobalSection(SolutionConfigurationPlatforms) = preSolution
		Debug|Any CPU = Debug|Any CPU
		Release|Any CPU = Release|Any CPU
	EndGlobalSection
	GlobalSection(ProjectConfigurationPlatforms) = postSolution
		{7B61AA23-908A-4337-AB91-55947703F11C}.Debug|Any CPU.ActiveCfg = Debug|Any CPU
		{7B61AA23-908A-4337-AB91-55947703F11C}.Debug|Any CPU.Build.0 = Debug|Any CPU
		{7B61AA23-908A-4337-AB91-55947703F11C}.Release|Any CPU.ActiveCfg = Release|Any CPU
		{7B61AA23-908A-4337-AB91-55947703F11C}.Release|Any CPU.Build.0 = Release|Any CPU
	EndGlobalSection
	GlobalSection(SolutionProperties) = preSolution
		HideSolutionNode = FALSE
	EndGlobalSection
	GlobalSection(ExtensibilityGlobals) = postSolution
		SolutionGuid = {9C650FCE-A1EE-4707-AB11-54F2051CAAFC}
	EndGlobalSection
EndGlobal
